{
  "nodes": {
    "nixpkgs": {
      "locked": {
        "lastModified": 0,
        "narHash": "sha256-sQ1FBYvO4SoZwoRvUIDY94hQyg+uqakG0UMClRbqyG4=",
        "path": "/nix/store/vz16wfcpqy6f0fnssfm29r6811nj6l6r-source",
        "type": "path"
      },
      "original": {
        "id": "nixpkgs",
        "type": "indirect"
      }
    },
    "root": {
      "inputs": {
        "nixpkgs": "nixpkgs"
      }
    }
  },
  "root": "root",
  "version": 7
}
